PODS:
  - FBSnapshotTestCase (2.1.4):
    - FBSnapshotTestCase/SwiftSupport (= 2.1.4)
  - FBSnapshotTestCase/Core (2.1.4)
  - FBSnapshotTestCase/SwiftSupport (2.1.4):
    - FBSnapshotTestCase/Core
  - UIExpandableTableViewCard (0.1.0)

DEPENDENCIES:
  - FBSnapshotTestCase (~> 2.1.4)
  - UIExpandableTableViewCard (from `../`)

SPEC REPOS:
  https://github.com/CocoaPods/Specs.git:
    - FBSnapshotTestCase

EXTERNAL SOURCES:
  UIExpandableTableViewCard:
    :path: "../"

SPEC CHECKSUMS:
  FBSnapshotTestCase: 094f9f314decbabe373b87cc339bea235a63e07a
  UIExpandableTableViewCard: 2d3ccf9c9494993cdf5d916b82cd8c33bc683ad7

PODFILE CHECKSUM: af9d7c91c36bceac7bad9f4eb24edce6e2ec7468

COCOAPODS: 1.5.0
